
Microsoft Visual Studio Solution File, Format Version 12.00
# Visual Studio Version 17
VisualStudioVersion = 17.9.34728.123
MinimumVisualStudioVersion = 10.0.40219.1
Project("{FAE04EC0-301F-11D3-BF4B-00C04F79EFBC}") = "ApiGateway.ForWeb", "ApiGateway.ForWeb\ApiGateway.ForWeb.csproj", "{BC0C7172-C6D2-493A-82AE-E5F7ACFC4A65}"
EndProject
Global
	GlobalSection(SolutionConfigurationPlatforms) = preSolution
		Debug|Any CPU = Debug|Any CPU
		Release|Any CPU = Release|Any CPU
	EndGlobalSection
	GlobalSection(ProjectConfigurationPlatforms) = postSolution
		{BC0C7172-C6D2-493A-82AE-E5F7ACFC4A65}.Debug|Any CPU.ActiveCfg = Debug|Any CPU
		{BC0C7172-C6D2-493A-82AE-E5F7ACFC4A65}.Debug|Any CPU.Build.0 = Debug|Any CPU
		{BC0C7172-C6D2-493A-82AE-E5F7ACFC4A65}.Release|Any CPU.ActiveCfg = Release|Any CPU
		{BC0C7172-C6D2-493A-82AE-E5F7ACFC4A65}.Release|Any CPU.Build.0 = Release|Any CPU
	EndGlobalSection
	GlobalSection(SolutionProperties) = preSolution
		HideSolutionNode = FALSE
	EndGlobalSection
	GlobalSection(ExtensibilityGlobals) = postSolution
		SolutionGuid = {55425C20-C83C-44BB-B38F-F8E6CD4FB337}
	EndGlobalSection
EndGlobal
